# THIS IS AN AUTOGENERATED FILE. DO NOT EDIT THIS FILE DIRECTLY.
# yarn lockfile v1


"@angular/cdk@^10.2.4", "@angular/cdk@^10.2.7":
  version "10.2.7"
  resolved "https://registry.yarnpkg.com/@angular/cdk/-/cdk-10.2.7.tgz#0ff82eb91b2653ea26909c57a460d4593b44f186"
  integrity sha512-ZQjDfTRTn7JuAKsf3jiIdU2XBaxxGBi/ZWYv5Pb3HCl6B4PISsIE5VWRhkoUogoAB0MiFHpjnWeIqknJEm11YQ==
  dependencies:
    tslib "^2.0.0"
  optionalDependencies:
    parse5 "^5.0.0"

"@ant-design/colors@^4.0.0":
  version "4.0.5"
  resolved "https://registry.yarnpkg.com/@ant-design/colors/-/colors-4.0.5.tgz#d7d100d7545cca8f624954604a6892fc48ba5aae"
  integrity sha512-3mnuX2prnWOWvpFTS2WH2LoouWlOgtnIpc6IarWN6GOzzLF8dW/U8UctuvIPhoboETehZfJ61XP+CGakBEPJ3Q==
  dependencies:
    tinycolor2 "^1.4.1"

"@ant-design/icons-angular@^10.0.0":
  version "10.1.1"
  resolved "https://registry.yarnpkg.com/@ant-design/icons-angular/-/icons-angular-10.1.1.tgz#36c208730318d4aaed362a14f37c93ed8142cb68"
  integrity sha512-OEX1WYYcEZzTEkyYeTTvzJ+AZ4qzXkZ19ipolrLOP/2856HbqX1TXNhHEtmoExk1T/bNzRe3+zOWXeUrkxD6xw==
  dependencies:
    "@ant-design/colors" "^4.0.0"
    tslib "^2.0.0"

date-fns@^2.10.0:
  version "2.16.1"
  resolved "https://registry.yarnpkg.com/date-fns/-/date-fns-2.16.1.tgz#05775792c3f3331da812af253e1a935851d3834b"
  integrity sha512-sAJVKx/FqrLYHAQeN7VpJrPhagZc9R4ImZIWYRFZaaohR3KzmuK88touwsSwSVT8Qcbd4zoDsnGfX4GFB4imyQ==

ng-zorro-antd@^10.1.0:
  version "10.1.2"
  resolved "https://registry.yarnpkg.com/ng-zorro-antd/-/ng-zorro-antd-10.1.2.tgz#43ff5359a2a9a89f97f1344cece4f6b279ae2953"
  integrity sha512-T6ph9ITeTS0ohX+VsyZaVrls53fgyTMJ0RFddJCK2WyQgg+BTznlSw24fJWgdTcocoIuPSBuVO27ecyZwN6Hhw==
  dependencies:
    "@angular/cdk" "^10.2.4"
    "@ant-design/icons-angular" "^10.0.0"
    date-fns "^2.10.0"
    resize-observer-polyfill "^1.5.1"
    tslib "^2.0.0"

ngx-sortablejs@^10.0.0:
  version "10.0.0"
  resolved "https://registry.yarnpkg.com/ngx-sortablejs/-/ngx-sortablejs-10.0.0.tgz#5252ed2dcde44778f5b231b2e580d9dbdaa6fe14"
  integrity sha512-fVnIStw4A2o31WnkRc/+iSo9F74XOGmR8GgEWZ4P6H7FrfswSJcx+oU+yfLHrWTtoqfTCal4OZobEWuGtuFocQ==
  dependencies:
    tslib "^2.0.0"

parse5@^5.0.0:
  version "5.1.1"
  resolved "https://registry.yarnpkg.com/parse5/-/parse5-5.1.1.tgz#f68e4e5ba1852ac2cadc00f4555fff6c2abb6178"
  integrity sha512-ugq4DFI0Ptb+WWjAdOK16+u/nHfiIrcE+sh8kZMaM0WllQKLI9rOUq6c2b7cwPkXdzfQESqvoqK6ug7U/Yyzug==

resize-observer-polyfill@^1.5.1:
  version "1.5.1"
  resolved "https://registry.yarnpkg.com/resize-observer-polyfill/-/resize-observer-polyfill-1.5.1.tgz#0e9020dd3d21024458d4ebd27e23e40269810464"
  integrity sha512-LwZrotdHOo12nQuZlHEmtuXdqGoOD0OhaxopaNFxWzInpEgaLWoVuAMbTzixuosCx2nEG58ngzW3vxdWoxIgdg==

sortablejs@^1.12.0:
  version "1.12.0"
  resolved "https://registry.yarnpkg.com/sortablejs/-/sortablejs-1.12.0.tgz#ee6d7ece3598c2af0feb1559d98595e5ea37cbd6"
  integrity sha512-bPn57rCjBRlt2sC24RBsu40wZsmLkSo2XeqG8k6DC1zru5eObQUIPPZAQG7W2SJ8FZQYq+BEJmvuw1Zxb3chqg==

tinycolor2@^1.4.1:
  version "1.4.2"
  resolved "https://registry.yarnpkg.com/tinycolor2/-/tinycolor2-1.4.2.tgz#3f6a4d1071ad07676d7fa472e1fac40a719d8803"
  integrity sha512-vJhccZPs965sV/L2sU4oRQVAos0pQXwsvTLkWYdqJ+a8Q5kPFzJTuOFwy7UniPli44NKQGAglksjvOcpo95aZA==

tslib@^2.0.0:
  version "2.0.1"
  resolved "https://registry.yarnpkg.com/tslib/-/tslib-2.0.1.tgz#410eb0d113e5b6356490eec749603725b021b43e"
  integrity sha512-SgIkNheinmEBgx1IUNirK0TUD4X9yjjBRTqqjggWCU3pUEqIk3/Uwl3yRixYKT6WjQuGiwDv4NomL3wqRCj+CQ==

"visual-form@link:../dist/visual-form":
  version "0.0.0"
  uid ""
